github.com/google/go-cmp v0.5.9 h1:O2Tfq5qg4qc4AmwVlvv0oLiVAGB7enBSJ2x2DqQFi38=
github.com/google/go-cmp v0.5.9/go.mod h1:17dUlkBOakJ0+DkrSSNjCkIjxS6bF9zb3elmeNGIjoY=
github.com/paddlepaddle/paddle/paddle/fluid/inference/goapi v0.0.0-20221116023434-3fa7a736e325 h1:TayW4dAkriSrcpKdWqgumPjojQeWncjpfLW35BvP/k8=
github.com/paddlepaddle/paddle/paddle/fluid/inference/goapi v0.0.0-20221116023434-3fa7a736e325/go.mod h1:YldWEunlZgagHtfynS8SGmgCARdMWB+SeK7EtCdWFm8=
