github.com/davecgh/go-spew v1.1.1 h1:vj9j/u1bqnvCEfJOwUhtlOARqs3+rkHYY13jYWTU97c=
github.com/go-aie/paddle v0.0.0-20230201150254-d783e2177e06 h1:f3U94UweNWYasK3UU/fnnmCE7Xw4pFc/0gv+otnsBg8=
github.com/go-aie/paddle v0.0.0-20230201150254-d783e2177e06/go.mod h1:OGLCPuMZKcDojC6GxwXg9yY0S7V7KQ21ze0+pEUK6zU=
github.com/google/go-cmp v0.5.9 h1:O2Tfq5qg4qc4AmwVlvv0oLiVAGB7enBSJ2x2DqQFi38=
github.com/google/go-cmp v0.5.9/go.mod h1:17dUlkBOakJ0+DkrSSNjCkIjxS6bF9zb3elmeNGIjoY=
github.com/jackc/puddle/v2 v2.1.3-0.20221228152049-5174aa0023b3 h1:vJUFw9bvNQkoPr/orVUWdJTCx0dxdFfC757ul3dIwxc=
github.com/jackc/puddle/v2 v2.1.3-0.20221228152049-5174aa0023b3/go.mod h1:2lpufsF5mRHO6SuZkm0fNYxM6SWHfvyFj62KwNzgels=
github.com/paddlepaddle/paddle/paddle/fluid/inference/goapi v0.0.0-20221116023434-3fa7a736e325 h1:TayW4dAkriSrcpKdWqgumPjojQeWncjpfLW35BvP/k8=
github.com/paddlepaddle/paddle/paddle/fluid/inference/goapi v0.0.0-20221116023434-3fa7a736e325/go.mod h1:YldWEunlZgagHtfynS8SGmgCARdMWB+SeK7EtCdWFm8=
github.com/pmezard/go-difflib v1.0.0 h1:4DBwDE0NGyQoBHbLQYPwSUPoCMWR5BEzIk/f1lZbAQM=
github.com/stretchr/testify v1.8.0 h1:pSgiaMZlXftHpm5L7V1+rVB+AZJydKsMxsQBIJw4PKk=
go.uber.org/atomic v1.10.0 h1:9qC72Qh0+3MqyJbAn8YU5xVq1frD8bn3JtD2oXtafVQ=
go.uber.org/atomic v1.10.0/go.mod h1:LUxbIzbOniOlMKjJjyPfpl4v+PKK2cNJn91OQbhoJI0=
golang.org/x/exp v0.0.0-20191002040644-a1355ae1e2c3 h1:n9HxLrNxWWtEb1cA950nuEEj3QnKbtsCJ6KjcgisNUs=
golang.org/x/sync v0.1.0 h1:wsuoTGHzEhffawBOhz5CYhcrV4IdKZbEyZjBMuTp12o=
golang.org/x/sync v0.1.0/go.mod h1:RxMgew5VJxzue5/jJTE5uejpjVlOe/izrB70Jof72aM=
gonum.org/v1/gonum v0.12.0 h1:xKuo6hzt+gMav00meVPUlXwSdoEJP46BR+wdxQEFK2o=
gonum.org/v1/gonum v0.12.0/go.mod h1:73TDxJfAAHeA8Mk9mf8NlIppyhQNo5GLTcYeqgo2lvY=
gopkg.in/yaml.v3 v3.0.1 h1:fxVm/GzAzEWqLHuvctI91KS9hhNmmWOoWu0XTYJS7CA=
