github.com/davecgh/go-spew v1.1.1 h1:vj9j/u1bqnvCEfJOwUhtlOARqs3+rkHYY13jYWTU97c=
github.com/elastic/elastic-transport-go/v8 v8.0.0-20211216131617-bbee439d559c h1:onA2RpIyeCPvYAj1LFYiiMTrSpqVINWMfYFRS7lofJs=
github.com/elastic/elastic-transport-go/v8 v8.0.0-20211216131617-bbee439d559c/go.mod h1:87Tcz8IVNe6rVSLdBux1o/PEItLtyabHU3naC7IoqKI=
github.com/elastic/go-elasticsearch/v8 v8.5.0 h1:p6j6RFztHvkIg0NaUlfR0OnRmVdCG6Zyfy+bPKMpKp4=
github.com/elastic/go-elasticsearch/v8 v8.5.0/go.mod h1:Usvydt+x0dv9a1TzEUaovqbJor8rmOHy5dSmPeMAE2k=
github.com/go-aie/paddle v0.0.0-20230213030711-67518e191570 h1:S4uJ7WK7ESxBFuG4N3izaCmhE9XourjpEMThICOXbfQ=
github.com/go-aie/paddle v0.0.0-20230213030711-67518e191570/go.mod h1:9i0atb9z/oBGuRYzDE0Pu5xfHsSaQied69ZaeMHg03g=
github.com/google/go-cmp v0.5.9 h1:O2Tfq5qg4qc4AmwVlvv0oLiVAGB7enBSJ2x2DqQFi38=
github.com/jackc/puddle/v2 v2.2.0 h1:RdcDk92EJBuBS55nQMMYFXTxwstHug4jkhT5pq8VxPk=
github.com/jackc/puddle/v2 v2.2.0/go.mod h1:vriiEXHvEE654aYKXXjOvZM39qJ0q+azkZFrfEOc3H4=
github.com/paddlepaddle/paddle/paddle/fluid/inference/goapi v0.0.0-20221116023434-3fa7a736e325 h1:TayW4dAkriSrcpKdWqgumPjojQeWncjpfLW35BvP/k8=
github.com/paddlepaddle/paddle/paddle/fluid/inference/goapi v0.0.0-20221116023434-3fa7a736e325/go.mod h1:YldWEunlZgagHtfynS8SGmgCARdMWB+SeK7EtCdWFm8=
github.com/pmezard/go-difflib v1.0.0 h1:4DBwDE0NGyQoBHbLQYPwSUPoCMWR5BEzIk/f1lZbAQM=
github.com/stretchr/testify v1.8.1 h1:w7B6lhMri9wdJUVmEZPGGhZzrYTPvgJArz7wNPgYKsk=
golang.org/x/exp v0.0.0-20230212135524-a684f29349b6 h1:Ic9KukPQ7PegFzHckNiMTQXGgEszA7mY2Fn4ZMtnMbw=
golang.org/x/exp v0.0.0-20230212135524-a684f29349b6/go.mod h1:CxIveKay+FTh1D0yPZemJVgC/95VzuuOLq5Qi4xnoYc=
golang.org/x/sync v0.1.0 h1:wsuoTGHzEhffawBOhz5CYhcrV4IdKZbEyZjBMuTp12o=
golang.org/x/sync v0.1.0/go.mod h1:RxMgew5VJxzue5/jJTE5uejpjVlOe/izrB70Jof72aM=
gonum.org/v1/gonum v0.12.0 h1:xKuo6hzt+gMav00meVPUlXwSdoEJP46BR+wdxQEFK2o=
gonum.org/v1/gonum v0.12.0/go.mod h1:73TDxJfAAHeA8Mk9mf8NlIppyhQNo5GLTcYeqgo2lvY=
gopkg.in/yaml.v3 v3.0.1 h1:fxVm/GzAzEWqLHuvctI91KS9hhNmmWOoWu0XTYJS7CA=
